
Microsoft Visual Studio Solution File, Format Version 12.00
# Visual Studio Version 16
VisualStudioVersion = 16.0.29215.179
MinimumVisualStudioVersion = 10.0.40219.1
Project("{FAE04EC0-301F-11D3-BF4B-00C04F79EFBC}") = "Friend Project", "Friend Project\Friend Project.csproj", "{6BAC8BB7-D73C-43AA-92E9-5BCA42E55752}"
EndProject
Global
	GlobalSection(SolutionConfigurationPlatforms) = preSolution
		Debug|Any CPU = Debug|Any CPU
		Release|Any CPU = Release|Any CPU
	EndGlobalSection
	GlobalSection(ProjectConfigurationPlatforms) = postSolution
		{6BAC8BB7-D73C-43AA-92E9-5BCA42E55752}.Debug|Any CPU.ActiveCfg = Debug|Any CPU
		{6BAC8BB7-D73C-43AA-92E9-5BCA42E55752}.Debug|Any CPU.Build.0 = Debug|Any CPU
		{6BAC8BB7-D73C-43AA-92E9-5BCA42E55752}.Release|Any CPU.ActiveCfg = Release|Any CPU
		{6BAC8BB7-D73C-43AA-92E9-5BCA42E55752}.Release|Any CPU.Build.0 = Release|Any CPU
	EndGlobalSection
	GlobalSection(SolutionProperties) = preSolution
		HideSolutionNode = FALSE
	EndGlobalSection
	GlobalSection(ExtensibilityGlobals) = postSolution
		SolutionGuid = {07734C9E-9C98-49A2-B92A-AB3F74BB4D1E}
	EndGlobalSection
EndGlobal
